
Microsoft Visual Studio Solution File, Format Version 12.00
# Visual Studio Version 17
VisualStudioVersion = 17.7.34031.279
MinimumVisualStudioVersion = 10.0.40219.1
Project("{FAE04EC0-301F-11D3-BF4B-00C04F79EFBC}") = "Verifica18", "Verifica18\Verifica18.csproj", "{DCE419B1-46E9-4377-AAE1-2BB65ECC10EF}"
EndProject
Global
	GlobalSection(SolutionConfigurationPlatforms) = preSolution
		Debug|Any CPU = Debug|Any CPU
		Release|Any CPU = Release|Any CPU
	EndGlobalSection
	GlobalSection(ProjectConfigurationPlatforms) = postSolution
		{DCE419B1-46E9-4377-AAE1-2BB65ECC10EF}.Debug|Any CPU.ActiveCfg = Debug|Any CPU
		{DCE419B1-46E9-4377-AAE1-2BB65ECC10EF}.Debug|Any CPU.Build.0 = Debug|Any CPU
		{DCE419B1-46E9-4377-AAE1-2BB65ECC10EF}.Release|Any CPU.ActiveCfg = Release|Any CPU
		{DCE419B1-46E9-4377-AAE1-2BB65ECC10EF}.Release|Any CPU.Build.0 = Release|Any CPU
	EndGlobalSection
	GlobalSection(SolutionProperties) = preSolution
		HideSolutionNode = FALSE
	EndGlobalSection
	GlobalSection(ExtensibilityGlobals) = postSolution
		SolutionGuid = {53BE8E0C-D127-4689-8E5D-7CC1EFB964F6}
	EndGlobalSection
EndGlobal
